
Microsoft Visual Studio Solution File, Format Version 12.00
# Visual Studio 15
VisualStudioVersion = 15.0.28307.168
MinimumVisualStudioVersion = 10.0.40219.1
Project("{FAE04EC0-301F-11D3-BF4B-00C04F79EFBC}") = "MotionTracker", "MotionTracker\MotionTracker.csproj", "{F9367149-445B-43FF-8D8C-385EB60C94DD}"
EndProject
Global
	GlobalSection(SolutionConfigurationPlatforms) = preSolution
		Debug|Any CPU = Debug|Any CPU
		Release|Any CPU = Release|Any CPU
	EndGlobalSection
	GlobalSection(ProjectConfigurationPlatforms) = postSolution
		{F9367149-445B-43FF-8D8C-385EB60C94DD}.Debug|Any CPU.ActiveCfg = Debug|Any CPU
		{F9367149-445B-43FF-8D8C-385EB60C94DD}.Debug|Any CPU.Build.0 = Debug|Any CPU
		{F9367149-445B-43FF-8D8C-385EB60C94DD}.Release|Any CPU.ActiveCfg = Release|Any CPU
		{F9367149-445B-43FF-8D8C-385EB60C94DD}.Release|Any CPU.Build.0 = Release|Any CPU
	EndGlobalSection
	GlobalSection(SolutionProperties) = preSolution
		HideSolutionNode = FALSE
	EndGlobalSection
	GlobalSection(ExtensibilityGlobals) = postSolution
		SolutionGuid = {8AC3C8FE-3D89-4D8E-86AB-7CADA27B8F29}
	EndGlobalSection
EndGlobal
